
Microsoft Visual Studio Solution File, Format Version 12.00
# Visual Studio Version 16
VisualStudioVersion = 16.0.29911.84
MinimumVisualStudioVersion = 10.0.40219.1
Project("{FAE04EC0-301F-11D3-BF4B-00C04F79EFBC}") = "Cloclify-Slack Integration", "Cloclify-Slack Integration\Cloclify-Slack Integration.csproj", "{D09AD8B4-E65C-4330-88E1-B2C1A67E92E6}"
EndProject
Global
	GlobalSection(SolutionConfigurationPlatforms) = preSolution
		Debug|Any CPU = Debug|Any CPU
		Release|Any CPU = Release|Any CPU
	EndGlobalSection
	GlobalSection(ProjectConfigurationPlatforms) = postSolution
		{D09AD8B4-E65C-4330-88E1-B2C1A67E92E6}.Debug|Any CPU.ActiveCfg = Debug|Any CPU
		{D09AD8B4-E65C-4330-88E1-B2C1A67E92E6}.Debug|Any CPU.Build.0 = Debug|Any CPU
		{D09AD8B4-E65C-4330-88E1-B2C1A67E92E6}.Release|Any CPU.ActiveCfg = Release|Any CPU
		{D09AD8B4-E65C-4330-88E1-B2C1A67E92E6}.Release|Any CPU.Build.0 = Release|Any CPU
	EndGlobalSection
	GlobalSection(SolutionProperties) = preSolution
		HideSolutionNode = FALSE
	EndGlobalSection
	GlobalSection(ExtensibilityGlobals) = postSolution
		SolutionGuid = {B796DBFF-0AAD-49C9-80CA-07122E733E52}
	EndGlobalSection
EndGlobal
